github.com/0verkilll/f5coefficient v1.0.1 h1:PWNd/7SNg981IuKjUJP3UlNJoL3k3CTeTXVa2N1ltCM=
github.com/0verkilll/f5coefficient v1.0.1/go.mod h1:4Zg8JZQ2yiBB5rMZqAu7UxMUCeTT/UCMzEINJ2sDHOY=
github.com/0verkilll/f5core v1.0.1 h1:Qu4OJtzbDXyk1UH5TJgAEGV01ljqeK4AYooNAQ6Opo8=
github.com/0verkilll/f5core v1.0.1/go.mod h1:xkPKRdfnuG5ulqb4/p/UnDeyGC8NE3M9s0nGnQ8W4hM=
github.com/0verkilll/f5matrix v1.0.1 h1:KihF618C3fTZxPSHf1wUnFp+f1Ib9P46kkqjHY0tLEI=
github.com/0verkilll/f5matrix v1.0.1/go.mod h1:jnUxEb3D9bWR6X64Wp6ciIXHS6nOr+YioEpieEpa1V0=
github.com/0verkilll/f5messageextract v1.0.0 h1:JNuCfV13terTYVbBIiRXvLNoPvsJXxuk29fmV0ZoYV4=
github.com/0verkilll/f5messageextract v1.0.0/go.mod h1:VfcBqPigBKljB0FQH9/coproOdcVqiVXxhjMEuGQrq0=
github.com/0verkilll/f5prng v1.0.1 h1:MS7zK/kg3bl01qXiBHK9j1gUeY5Ih0glB9/20uM/4fw=
github.com/0verkilll/f5prng v1.0.1/go.mod h1:4tWPYPAUz0Dsyy0yHbZ0lrr4LTL19w7utRT2Le+O/qM=
github.com/0verkilll/fisheryates v1.0.1 h1:eSMU6xIBAgPOp2o4JuMKO/d7Y8a1b8iyIWAegH4Szj0=
github.com/0verkilll/fisheryates v1.0.1/go.mod h1:5Alfy97kL/Rjptr/DFq4vJIfNo0ubN96+1qzV+S2gGw=
github.com/0verkilll/i18n v1.0.1 h1:OX1s5fVlpD/0FQLeVTwnOxSQF0OV3+jwDDC2qdD/GEk=
github.com/0verkilll/i18n v1.0.1/go.mod h1:gfxcHdQETIeXP6nnSzmJiyOixvB+o7HWNonTl3bZiw0=
github.com/0verkilll/logger v1.0.1 h1:ndUXNZUPbSW00cZgHxdGkaA/yQ5KFk7Urd8Odq3iwNM=
github.com/0verkilll/logger v1.0.1/go.mod h1:YvyHCPAitAcs9tfTaR5NfiEqVxSWvLlGv/vkLDDISxQ=
github.com/0verkilll/securerandom v1.0.1 h1:wE06a9hcYOStFjTo1EJVLIKhoW7iD9JC6AqlnnmHnZw=
github.com/0verkilll/securerandom v1.0.1/go.mod h1:/3ZcHOXH84xWD4evbOCv2rhXOmdfoKWSK+bZQWZp334=
github.com/0verkilll/sha1 v1.0.1 h1:ac6KU3v8PJcf5oOwYTCwcRK4KWNQeAIRDLY5TabQKk0=
github.com/0verkilll/sha1 v1.0.1/go.mod h1:HJVJRUupulzueB8RXcT+ONghmRWcuxvnIXbp/RIWsr4=
